
Microsoft Visual Studio Solution File, Format Version 12.00
# Visual Studio Version 17
VisualStudioVersion = 17.0.31903.59
MinimumVisualStudioVersion = 10.0.40219.1
Project("{FAE04EC0-301F-11D3-BF4B-00C04F79EFBC}") = "scuffeed.Api", "scuffeed.Api\scuffeed.Api.csproj", "{35F6000F-847E-45DF-B0F1-83215C9EA717}"
EndProject
Project("{FAE04EC0-301F-11D3-BF4B-00C04F79EFBC}") = "scuffeed.Tests", "scuffeed.Tests\scuffeed.Tests.csproj", "{74B329F3-AE21-4B92-B0D2-9977439C2035}"
EndProject
Global
	GlobalSection(SolutionConfigurationPlatforms) = preSolution
		Debug|Any CPU = Debug|Any CPU
		Release|Any CPU = Release|Any CPU
	EndGlobalSection
	GlobalSection(SolutionProperties) = preSolution
		HideSolutionNode = FALSE
	EndGlobalSection
	GlobalSection(ProjectConfigurationPlatforms) = postSolution
		{35F6000F-847E-45DF-B0F1-83215C9EA717}.Debug|Any CPU.ActiveCfg = Debug|Any CPU
		{35F6000F-847E-45DF-B0F1-83215C9EA717}.Debug|Any CPU.Build.0 = Debug|Any CPU
		{35F6000F-847E-45DF-B0F1-83215C9EA717}.Release|Any CPU.ActiveCfg = Release|Any CPU
		{35F6000F-847E-45DF-B0F1-83215C9EA717}.Release|Any CPU.Build.0 = Release|Any CPU
		{74B329F3-AE21-4B92-B0D2-9977439C2035}.Debug|Any CPU.ActiveCfg = Debug|Any CPU
		{74B329F3-AE21-4B92-B0D2-9977439C2035}.Debug|Any CPU.Build.0 = Debug|Any CPU
		{74B329F3-AE21-4B92-B0D2-9977439C2035}.Release|Any CPU.ActiveCfg = Release|Any CPU
		{74B329F3-AE21-4B92-B0D2-9977439C2035}.Release|Any CPU.Build.0 = Release|Any CPU
	EndGlobalSection
EndGlobal
